
Microsoft Visual Studio Solution File, Format Version 12.00
# Visual Studio Version 17
VisualStudioVersion = 17.9.34622.214
MinimumVisualStudioVersion = 10.0.40219.1
Project("{FAE04EC0-301F-11D3-BF4B-00C04F79EFBC}") = "SampleCI", "SampleCI\SampleCI.csproj", "{BBDB320E-8B89-46BD-984A-59201C4B2161}"
EndProject
Global
	GlobalSection(SolutionConfigurationPlatforms) = preSolution
		Debug|Any CPU = Debug|Any CPU
		Release|Any CPU = Release|Any CPU
	EndGlobalSection
	GlobalSection(ProjectConfigurationPlatforms) = postSolution
		{BBDB320E-8B89-46BD-984A-59201C4B2161}.Debug|Any CPU.ActiveCfg = Debug|Any CPU
		{BBDB320E-8B89-46BD-984A-59201C4B2161}.Debug|Any CPU.Build.0 = Debug|Any CPU
		{BBDB320E-8B89-46BD-984A-59201C4B2161}.Release|Any CPU.ActiveCfg = Release|Any CPU
		{BBDB320E-8B89-46BD-984A-59201C4B2161}.Release|Any CPU.Build.0 = Release|Any CPU
	EndGlobalSection
	GlobalSection(SolutionProperties) = preSolution
		HideSolutionNode = FALSE
	EndGlobalSection
	GlobalSection(ExtensibilityGlobals) = postSolution
		SolutionGuid = {5A74CF92-3718-4DCE-B48A-10674BD35A48}
	EndGlobalSection
EndGlobal
